PODS:
  - Macaw (0.8.0):
    - SWXMLHash (~> 3.0.0)
  - SWXMLHash (3.0.4)

DEPENDENCIES:
  - Macaw (from `https://github.com/exyte/Macaw.git`)

EXTERNAL SOURCES:
  Macaw:
    :git: https://github.com/exyte/Macaw.git

CHECKOUT OPTIONS:
  Macaw:
    :commit: 93351e41939b0c427ca34de899b17a37bed9b85b
    :git: https://github.com/exyte/Macaw.git

SPEC CHECKSUMS:
  Macaw: 4e960708c75eb6eb13600ee1aab89aa46307e7c4
  SWXMLHash: 29d20b84692fc319ea8ed933058fe7d8d005139b

PODFILE CHECKSUM: 069727aafb7b763bcbcbd940c1b90d5c97ae6eee

COCOAPODS: 1.1.1
