PODS:
  - Macaw (0.8.0):
    - SWXMLHash (~> 3.0.0)
  - SWXMLHash (3.0.4)

DEPENDENCIES:
  - Macaw (from `https://github.com/exyte/Macaw.git`, commit `7d08c81`)

EXTERNAL SOURCES:
  Macaw:
    :commit: 7d08c81
    :git: https://github.com/exyte/Macaw.git

CHECKOUT OPTIONS:
  Macaw:
    :commit: 7d08c81
    :git: https://github.com/exyte/Macaw.git

SPEC CHECKSUMS:
  Macaw: 4e960708c75eb6eb13600ee1aab89aa46307e7c4
  SWXMLHash: 29d20b84692fc319ea8ed933058fe7d8d005139b

PODFILE CHECKSUM: 2144ad72098825b91f6b3a8386bc2bb7b6c5fc80

COCOAPODS: 1.1.1
