PODS:
  - Macaw (0.8.0):
    - SWXMLHash (~> 3.0.0)
  - SWXMLHash (3.0.3)

DEPENDENCIES:
  - Macaw (= 0.8.0)

SPEC CHECKSUMS:
  Macaw: 3b0c327e285fb57c7f6fbfe101bfc486f2415de3
  SWXMLHash: 80d2529d74891bb2f15305a0b9e08f2a4f229ee7

PODFILE CHECKSUM: bc7b73ae5cf47761ba8be481ffc289514ec17f60

COCOAPODS: 1.1.1
