PODS:
  - Macaw (0.7.0):
    - RxSwift (= 3.0.0-beta.1)
    - SWXMLHash (~> 3.0.0)
  - RxSwift (3.0.0-beta.1)
  - SWXMLHash (3.0.3)

DEPENDENCIES:
  - Macaw (= 0.7.0)

SPEC CHECKSUMS:
  Macaw: 82c48fe450f5e58117d22e28b09bab1e77097eff
  RxSwift: 0823e8d7969c23bfa9ddfb2afa4881e424a1a710
  SWXMLHash: 80d2529d74891bb2f15305a0b9e08f2a4f229ee7

PODFILE CHECKSUM: 2d5c4951ddf24ef34f005c46560f295fc2ff899d

COCOAPODS: 1.1.1
