PODS:
  - Macaw (0.8.0):
    - SWXMLHash (~> 3.0.0)
  - SWXMLHash (3.0.4)

DEPENDENCIES:
  - Macaw (from `https://github.com/exyte/Macaw.git`)

EXTERNAL SOURCES:
  Macaw:
    :git: https://github.com/exyte/Macaw.git

CHECKOUT OPTIONS:
  Macaw:
    :commit: f69c0b6c05896456dbd4991c9575c1eab58fc284
    :git: https://github.com/exyte/Macaw.git

SPEC CHECKSUMS:
  Macaw: 4e960708c75eb6eb13600ee1aab89aa46307e7c4
  SWXMLHash: 29d20b84692fc319ea8ed933058fe7d8d005139b

PODFILE CHECKSUM: 78fb07720e2c4ce52d8cc86070f5269cf785d6de

COCOAPODS: 1.1.1
