// !$*UTF8*$!
{
	archiveVersion = 1;
	classes = {
	};
	objectVersion = 46;
	objects = {

/* Begin PBXBuildFile section */
		10E3D2228D87C77A1485DB20 /* Pods_HealthStat.framework in Frameworks */ = {isa = PBXBuildFile; fileRef = ED8A09E5FAA2F971819F60A5 /* Pods_HealthStat.framework */; };
		72E228DF1DDD7475008E7B5B /* AppDelegate.swift in Sources */ = {isa = PBXBuildFile; fileRef = 72E228DE1DDD7475008E7B5B /* AppDelegate.swift */; };
		72E228E11DDD7475008E7B5B /* ViewController.swift in Sources */ = {isa = PBXBuildFile; fileRef = 72E228E01DDD7475008E7B5B /* ViewController.swift */; };
		72E228E61DDD7475008E7B5B /* Assets.xcassets in Resources */ = {isa = PBXBuildFile; fileRef = 72E228E51DDD7475008E7B5B /* Assets.xcassets */; };
		72E228E91DDD7475008E7B5B /* LaunchScreen.storyboard in Resources */ = {isa = PBXBuildFile; fileRef = 72E228E71DDD7475008E7B5B /* LaunchScreen.storyboard */; };
		72E228F41DDD7475008E7B5B /* HealthStatTests.swift in Sources */ = {isa = PBXBuildFile; fileRef = 72E228F31DDD7475008E7B5B /* HealthStatTests.swift */; };
		72E228FF1DDD7475008E7B5B /* HealthStatUITests.swift in Sources */ = {isa = PBXBuildFile; fileRef = 72E228FE1DDD7475008E7B5B /* HealthStatUITests.swift */; };
		72E2290D1DDD749B008E7B5B /* RunningLevel.swift in Sources */ = {isa = PBXBuildFile; fileRef = 72E2290C1DDD749B008E7B5B /* RunningLevel.swift */; };
		72E2290F1DDD74AD008E7B5B /* BestScore.swift in Sources */ = {isa = PBXBuildFile; fileRef = 72E2290E1DDD74AD008E7B5B /* BestScore.swift */; };
		72E229111DDD74B3008E7B5B /* CubicCurveAlgorithm.swift in Sources */ = {isa = PBXBuildFile; fileRef = 72E229101DDD74B3008E7B5B /* CubicCurveAlgorithm.swift */; };
		72E229141DDD74E0008E7B5B /* Main.storyboard in Resources */ = {isa = PBXBuildFile; fileRef = 72E229131DDD74E0008E7B5B /* Main.storyboard */; };
/* End PBXBuildFile section */

/* Begin PBXContainerItemProxy section */
		72E228F01DDD7475008E7B5B /* PBXContainerItemProxy */ = {
			isa = PBXContainerItemProxy;
			containerPortal = 72E228D31DDD7475008E7B5B /* Project object */;
			proxyType = 1;
			remoteGlobalIDString = 72E228DA1DDD7475008E7B5B;
			remoteInfo = HealthStat;
		};
		72E228FB1DDD7475008E7B5B /* PBXContainerItemProxy */ = {
			isa = PBXContainerItemProxy;
			containerPortal = 72E228D31DDD7475008E7B5B /* Project object */;
			proxyType = 1;
			remoteGlobalIDString = 72E228DA1DDD7475008E7B5B;
			remoteInfo = HealthStat;
		};
/* End PBXContainerItemProxy section */

/* Begin PBXFileReference section */
		3ACBFFB822BA489F202823D2 /* Pods-HealthStat.debug.xcconfig */ = {isa = PBXFileReference; includeInIndex = 1; lastKnownFileType = text.xcconfig; name = "Pods-HealthStat.debug.xcconfig"; path = "Pods/Target Support Files/Pods-HealthStat/Pods-HealthStat.debug.xcconfig"; sourceTree = "<group>"; };
		3E818EE7B940249E0FF6BD67 /* Pods-HealthStat.release.xcconfig */ = {isa = PBXFileReference; includeInIndex = 1; lastKnownFileType = text.xcconfig; name = "Pods-HealthStat.release.xcconfig"; path = "Pods/Target Support Files/Pods-HealthStat/Pods-HealthStat.release.xcconfig"; sourceTree = "<group>"; };
		72E228DB1DDD7475008E7B5B /* HealthStat.app */ = {isa = PBXFileReference; explicitFileType = wrapper.application; includeInIndex = 0; path = HealthStat.app; sourceTree = BUILT_PRODUCTS_DIR; };
		72E228DE1DDD7475008E7B5B /* AppDelegate.swift */ = {isa = PBXFileReference; lastKnownFileType = sourcecode.swift; path = AppDelegate.swift; sourceTree = "<group>"; };
		72E228E01DDD7475008E7B5B /* ViewController.swift */ = {isa = PBXFileReference; lastKnownFileType = sourcecode.swift; path = ViewController.swift; sourceTree = "<group>"; };
		72E228E51DDD7475008E7B5B /* Assets.xcassets */ = {isa = PBXFileReference; lastKnownFileType = folder.assetcatalog; path = Assets.xcassets; sourceTree = "<group>"; };
		72E228E81DDD7475008E7B5B /* Base */ = {isa = PBXFileReference; lastKnownFileType = file.storyboard; name = Base; path = Base.lproj/LaunchScreen.storyboard; sourceTree = "<group>"; };
		72E228EA1DDD7475008E7B5B /* Info.plist */ = {isa = PBXFileReference; lastKnownFileType = text.plist.xml; path = Info.plist; sourceTree = "<group>"; };
		72E228EF1DDD7475008E7B5B /* HealthStatTests.xctest */ = {isa = PBXFileReference; explicitFileType = wrapper.cfbundle; includeInIndex = 0; path = HealthStatTests.xctest; sourceTree = BUILT_PRODUCTS_DIR; };
		72E228F31DDD7475008E7B5B /* HealthStatTests.swift */ = {isa = PBXFileReference; lastKnownFileType = sourcecode.swift; path = HealthStatTests.swift; sourceTree = "<group>"; };
		72E228F51DDD7475008E7B5B /* Info.plist */ = {isa = PBXFileReference; lastKnownFileType = text.plist.xml; path = Info.plist; sourceTree = "<group>"; };
		72E228FA1DDD7475008E7B5B /* HealthStatUITests.xctest */ = {isa = PBXFileReference; explicitFileType = wrapper.cfbundle; includeInIndex = 0; path = HealthStatUITests.xctest; sourceTree = BUILT_PRODUCTS_DIR; };
		72E228FE1DDD7475008E7B5B /* HealthStatUITests.swift */ = {isa = PBXFileReference; lastKnownFileType = sourcecode.swift; path = HealthStatUITests.swift; sourceTree = "<group>"; };
		72E229001DDD7475008E7B5B /* Info.plist */ = {isa = PBXFileReference; lastKnownFileType = text.plist.xml; path = Info.plist; sourceTree = "<group>"; };
		72E2290C1DDD749B008E7B5B /* RunningLevel.swift */ = {isa = PBXFileReference; fileEncoding = 4; lastKnownFileType = sourcecode.swift; name = RunningLevel.swift; path = ../../../../Desktop/TestExample/TestExample/RunningLevel.swift; sourceTree = "<group>"; };
		72E2290E1DDD74AD008E7B5B /* BestScore.swift */ = {isa = PBXFileReference; fileEncoding = 4; lastKnownFileType = sourcecode.swift; name = BestScore.swift; path = ../../../../Desktop/TestExample/TestExample/BestScore.swift; sourceTree = "<group>"; };
		72E229101DDD74B3008E7B5B /* CubicCurveAlgorithm.swift */ = {isa = PBXFileReference; fileEncoding = 4; lastKnownFileType = sourcecode.swift; name = CubicCurveAlgorithm.swift; path = ../../../../Desktop/TestExample/TestExample/CubicCurveAlgorithm.swift; sourceTree = "<group>"; };
		72E229121DDD74E0008E7B5B /* Base */ = {isa = PBXFileReference; lastKnownFileType = file.storyboard; name = Base; path = Base.lproj/Main.storyboard; sourceTree = "<group>"; };
		ED8A09E5FAA2F971819F60A5 /* Pods_HealthStat.framework */ = {isa = PBXFileReference; explicitFileType = wrapper.framework; includeInIndex = 0; path = Pods_HealthStat.framework; sourceTree = BUILT_PRODUCTS_DIR; };
/* End PBXFileReference section */

/* Begin PBXFrameworksBuildPhase section */
		72E228D81DDD7475008E7B5B /* Frameworks */ = {
			isa = PBXFrameworksBuildPhase;
			buildActionMask = 2147483647;
			files = (
				10E3D2228D87C77A1485DB20 /* Pods_HealthStat.framework in Frameworks */,
			);
			runOnlyForDeploymentPostprocessing = 0;
		};
		72E228EC1DDD7475008E7B5B /* Frameworks */ = {
			isa = PBXFrameworksBuildPhase;
			buildActionMask = 2147483647;
			files = (
			);
			runOnlyForDeploymentPostprocessing = 0;
		};
		72E228F71DDD7475008E7B5B /* Frameworks */ = {
			isa = PBXFrameworksBuildPhase;
			buildActionMask = 2147483647;
			files = (
			);
			runOnlyForDeploymentPostprocessing = 0;
		};
/* End PBXFrameworksBuildPhase section */

/* Begin PBXGroup section */
		72E228D21DDD7475008E7B5B = {
			isa = PBXGroup;
			children = (
				72E228DD1DDD7475008E7B5B /* HealthStat */,
				72E228F21DDD7475008E7B5B /* HealthStatTests */,
				72E228FD1DDD7475008E7B5B /* HealthStatUITests */,
				72E228DC1DDD7475008E7B5B /* Products */,
				7993914983B2CC4A03236101 /* Pods */,
				BEECA859F8170E5C4C0278BB /* Frameworks */,
			);
			sourceTree = "<group>";
		};
		72E228DC1DDD7475008E7B5B /* Products */ = {
			isa = PBXGroup;
			children = (
				72E228DB1DDD7475008E7B5B /* HealthStat.app */,
				72E228EF1DDD7475008E7B5B /* HealthStatTests.xctest */,
				72E228FA1DDD7475008E7B5B /* HealthStatUITests.xctest */,
			);
			name = Products;
			sourceTree = "<group>";
		};
		72E228DD1DDD7475008E7B5B /* HealthStat */ = {
			isa = PBXGroup;
			children = (
				72E229131DDD74E0008E7B5B /* Main.storyboard */,
				72E229101DDD74B3008E7B5B /* CubicCurveAlgorithm.swift */,
				72E2290E1DDD74AD008E7B5B /* BestScore.swift */,
				72E2290C1DDD749B008E7B5B /* RunningLevel.swift */,
				72E228DE1DDD7475008E7B5B /* AppDelegate.swift */,
				72E228E01DDD7475008E7B5B /* ViewController.swift */,
				72E228E51DDD7475008E7B5B /* Assets.xcassets */,
				72E228E71DDD7475008E7B5B /* LaunchScreen.storyboard */,
				72E228EA1DDD7475008E7B5B /* Info.plist */,
			);
			path = HealthStat;
			sourceTree = "<group>";
		};
		72E228F21DDD7475008E7B5B /* HealthStatTests */ = {
			isa = PBXGroup;
			children = (
				72E228F31DDD7475008E7B5B /* HealthStatTests.swift */,
				72E228F51DDD7475008E7B5B /* Info.plist */,
			);
			path = HealthStatTests;
			sourceTree = "<group>";
		};
		72E228FD1DDD7475008E7B5B /* HealthStatUITests */ = {
			isa = PBXGroup;
			children = (
				72E228FE1DDD7475008E7B5B /* HealthStatUITests.swift */,
				72E229001DDD7475008E7B5B /* Info.plist */,
			);
			path = HealthStatUITests;
			sourceTree = "<group>";
		};
		7993914983B2CC4A03236101 /* Pods */ = {
			isa = PBXGroup;
			children = (
				3ACBFFB822BA489F202823D2 /* Pods-HealthStat.debug.xcconfig */,
				3E818EE7B940249E0FF6BD67 /* Pods-HealthStat.release.xcconfig */,
			);
			name = Pods;
			sourceTree = "<group>";
		};
		BEECA859F8170E5C4C0278BB /* Frameworks */ = {
			isa = PBXGroup;
			children = (
				ED8A09E5FAA2F971819F60A5 /* Pods_HealthStat.framework */,
			);
			name = Frameworks;
			sourceTree = "<group>";
		};
/* End PBXGroup section */

/* Begin PBXNativeTarget section */
		72E228DA1DDD7475008E7B5B /* HealthStat */ = {
			isa = PBXNativeTarget;
			buildConfigurationList = 72E229031DDD7475008E7B5B /* Build configuration list for PBXNativeTarget "HealthStat" */;
			buildPhases = (
				D261930D591667825C7C27AA /* [CP] Check Pods Manifest.lock */,
				72E228D71DDD7475008E7B5B /* Sources */,
				72E228D81DDD7475008E7B5B /* Frameworks */,
				72E228D91DDD7475008E7B5B /* Resources */,
				BE2DC28B2BCE11763A9D21D5 /* [CP] Embed Pods Frameworks */,
				CA6543CBEE6B0F6CE0DF403C /* [CP] Copy Pods Resources */,
			);
			buildRules = (
			);
			dependencies = (
			);
			name = HealthStat;
			productName = HealthStat;
			productReference = 72E228DB1DDD7475008E7B5B /* HealthStat.app */;
			productType = "com.apple.product-type.application";
		};
		72E228EE1DDD7475008E7B5B /* HealthStatTests */ = {
			isa = PBXNativeTarget;
			buildConfigurationList = 72E229061DDD7475008E7B5B /* Build configuration list for PBXNativeTarget "HealthStatTests" */;
			buildPhases = (
				72E228EB1DDD7475008E7B5B /* Sources */,
				72E228EC1DDD7475008E7B5B /* Frameworks */,
				72E228ED1DDD7475008E7B5B /* Resources */,
			);
			buildRules = (
			);
			dependencies = (
				72E228F11DDD7475008E7B5B /* PBXTargetDependency */,
			);
			name = HealthStatTests;
			productName = HealthStatTests;
			productReference = 72E228EF1DDD7475008E7B5B /* HealthStatTests.xctest */;
			productType = "com.apple.product-type.bundle.unit-test";
		};
		72E228F91DDD7475008E7B5B /* HealthStatUITests */ = {
			isa = PBXNativeTarget;
			buildConfigurationList = 72E229091DDD7475008E7B5B /* Build configuration list for PBXNativeTarget "HealthStatUITests" */;
			buildPhases = (
				72E228F61DDD7475008E7B5B /* Sources */,
				72E228F71DDD7475008E7B5B /* Frameworks */,
				72E228F81DDD7475008E7B5B /* Resources */,
			);
			buildRules = (
			);
			dependencies = (
				72E228FC1DDD7475008E7B5B /* PBXTargetDependency */,
			);
			name = HealthStatUITests;
			productName = HealthStatUITests;
			productReference = 72E228FA1DDD7475008E7B5B /* HealthStatUITests.xctest */;
			productType = "com.apple.product-type.bundle.ui-testing";
		};
/* End PBXNativeTarget section */

/* Begin PBXProject section */
		72E228D31DDD7475008E7B5B /* Project object */ = {
			isa = PBXProject;
			attributes = {
				LastSwiftUpdateCheck = 0810;
				LastUpgradeCheck = 0810;
				ORGANIZATIONNAME = "Julia Bulantseva";
				TargetAttributes = {
					72E228DA1DDD7475008E7B5B = {
						CreatedOnToolsVersion = 8.1;
						ProvisioningStyle = Automatic;
					};
					72E228EE1DDD7475008E7B5B = {
						CreatedOnToolsVersion = 8.1;
						ProvisioningStyle = Automatic;
						TestTargetID = 72E228DA1DDD7475008E7B5B;
					};
					72E228F91DDD7475008E7B5B = {
						CreatedOnToolsVersion = 8.1;
						ProvisioningStyle = Automatic;
						TestTargetID = 72E228DA1DDD7475008E7B5B;
					};
				};
			};
			buildConfigurationList = 72E228D61DDD7475008E7B5B /* Build configuration list for PBXProject "HealthStat" */;
			compatibilityVersion = "Xcode 3.2";
			developmentRegion = English;
			hasScannedForEncodings = 0;
			knownRegions = (
				en,
				Base,
			);
			mainGroup = 72E228D21DDD7475008E7B5B;
			productRefGroup = 72E228DC1DDD7475008E7B5B /* Products */;
			projectDirPath = "";
			projectRoot = "";
			targets = (
				72E228DA1DDD7475008E7B5B /* HealthStat */,
				72E228EE1DDD7475008E7B5B /* HealthStatTests */,
				72E228F91DDD7475008E7B5B /* HealthStatUITests */,
			);
		};
/* End PBXProject section */

/* Begin PBXResourcesBuildPhase section */
		72E228D91DDD7475008E7B5B /* Resources */ = {
			isa = PBXResourcesBuildPhase;
			buildActionMask = 2147483647;
			files = (
				72E229141DDD74E0008E7B5B /* Main.storyboard in Resources */,
				72E228E91DDD7475008E7B5B /* LaunchScreen.storyboard in Resources */,
				72E228E61DDD7475008E7B5B /* Assets.xcassets in Resources */,
			);
			runOnlyForDeploymentPostprocessing = 0;
		};
		72E228ED1DDD7475008E7B5B /* Resources */ = {
			isa = PBXResourcesBuildPhase;
			buildActionMask = 2147483647;
			files = (
			);
			runOnlyForDeploymentPostprocessing = 0;
		};
		72E228F81DDD7475008E7B5B /* Resources */ = {
			isa = PBXResourcesBuildPhase;
			buildActionMask = 2147483647;
			files = (
			);
			runOnlyForDeploymentPostprocessing = 0;
		};
/* End PBXResourcesBuildPhase section */

/* Begin PBXShellScriptBuildPhase section */
		BE2DC28B2BCE11763A9D21D5 /* [CP] Embed Pods Frameworks */ = {
			isa = PBXShellScriptBuildPhase;
			buildActionMask = 2147483647;
			files = (
			);
			inputPaths = (
			);
			name = "[CP] Embed Pods Frameworks";
			outputPaths = (
			);
			runOnlyForDeploymentPostprocessing = 0;
			shellPath = /bin/sh;
			shellScript = "\"${SRCROOT}/Pods/Target Support Files/Pods-HealthStat/Pods-HealthStat-frameworks.sh\"\n";
			showEnvVarsInLog = 0;
		};
		CA6543CBEE6B0F6CE0DF403C /* [CP] Copy Pods Resources */ = {
			isa = PBXShellScriptBuildPhase;
			buildActionMask = 2147483647;
			files = (
			);
			inputPaths = (
			);
			name = "[CP] Copy Pods Resources";
			outputPaths = (
			);
			runOnlyForDeploymentPostprocessing = 0;
			shellPath = /bin/sh;
			shellScript = "\"${SRCROOT}/Pods/Target Support Files/Pods-HealthStat/Pods-HealthStat-resources.sh\"\n";
			showEnvVarsInLog = 0;
		};
		D261930D591667825C7C27AA /* [CP] Check Pods Manifest.lock */ = {
			isa = PBXShellScriptBuildPhase;
			buildActionMask = 2147483647;
			files = (
			);
			inputPaths = (
			);
			name = "[CP] Check Pods Manifest.lock";
			outputPaths = (
			);
			runOnlyForDeploymentPostprocessing = 0;
			shellPath = /bin/sh;
			shellScript = "diff \"${PODS_ROOT}/../Podfile.lock\" \"${PODS_ROOT}/Manifest.lock\" > /dev/null\nif [ $? != 0 ] ; then\n    # print error to STDERR\n    echo \"error: The sandbox is not in sync with the Podfile.lock. Run 'pod install' or update your CocoaPods installation.\" >&2\n    exit 1\nfi\n";
			showEnvVarsInLog = 0;
		};
/* End PBXShellScriptBuildPhase section */

/* Begin PBXSourcesBuildPhase section */
		72E228D71DDD7475008E7B5B /* Sources */ = {
			isa = PBXSourcesBuildPhase;
			buildActionMask = 2147483647;
			files = (
				72E229111DDD74B3008E7B5B /* CubicCurveAlgorithm.swift in Sources */,
				72E2290F1DDD74AD008E7B5B /* BestScore.swift in Sources */,
				72E228E11DDD7475008E7B5B /* ViewController.swift in Sources */,
				72E228DF1DDD7475008E7B5B /* AppDelegate.swift in Sources */,
				72E2290D1DDD749B008E7B5B /* RunningLevel.swift in Sources */,
			);
			runOnlyForDeploymentPostprocessing = 0;
		};
		72E228EB1DDD7475008E7B5B /* Sources */ = {
			isa = PBXSourcesBuildPhase;
			buildActionMask = 2147483647;
			files = (
				72E228F41DDD7475008E7B5B /* HealthStatTests.swift in Sources */,
			);
			runOnlyForDeploymentPostprocessing = 0;
		};
		72E228F61DDD7475008E7B5B /* Sources */ = {
			isa = PBXSourcesBuildPhase;
			buildActionMask = 2147483647;
			files = (
				72E228FF1DDD7475008E7B5B /* HealthStatUITests.swift in Sources */,
			);
			runOnlyForDeploymentPostprocessing = 0;
		};
/* End PBXSourcesBuildPhase section */

/* Begin PBXTargetDependency section */
		72E228F11DDD7475008E7B5B /* PBXTargetDependency */ = {
			isa = PBXTargetDependency;
			target = 72E228DA1DDD7475008E7B5B /* HealthStat */;
			targetProxy = 72E228F01DDD7475008E7B5B /* PBXContainerItemProxy */;
		};
		72E228FC1DDD7475008E7B5B /* PBXTargetDependency */ = {
			isa = PBXTargetDependency;
			target = 72E228DA1DDD7475008E7B5B /* HealthStat */;
			targetProxy = 72E228FB1DDD7475008E7B5B /* PBXContainerItemProxy */;
		};
/* End PBXTargetDependency section */

/* Begin PBXVariantGroup section */
		72E228E71DDD7475008E7B5B /* LaunchScreen.storyboard */ = {
			isa = PBXVariantGroup;
			children = (
				72E228E81DDD7475008E7B5B /* Base */,
			);
			name = LaunchScreen.storyboard;
			sourceTree = "<group>";
		};
		72E229131DDD74E0008E7B5B /* Main.storyboard */ = {
			isa = PBXVariantGroup;
			children = (
				72E229121DDD74E0008E7B5B /* Base */,
			);
			name = Main.storyboard;
			path = ../../../../Desktop/TestExample/TestExample;
			sourceTree = "<group>";
		};
/* End PBXVariantGroup section */

/* Begin XCBuildConfiguration section */
		72E229011DDD7475008E7B5B /* Debug */ = {
			isa = XCBuildConfiguration;
			buildSettings = {
				ALWAYS_SEARCH_USER_PATHS = NO;
				CLANG_ANALYZER_NONNULL = YES;
				CLANG_CXX_LANGUAGE_STANDARD = "gnu++0x";
				CLANG_CXX_LIBRARY = "libc++";
				CLANG_ENABLE_MODULES = YES;
				CLANG_ENABLE_OBJC_ARC = YES;
				CLANG_WARN_BOOL_CONVERSION = YES;
				CLANG_WARN_CONSTANT_CONVERSION = YES;
				CLANG_WARN_DIRECT_OBJC_ISA_USAGE = YES_ERROR;
				CLANG_WARN_DOCUMENTATION_COMMENTS = YES;
				CLANG_WARN_EMPTY_BODY = YES;
				CLANG_WARN_ENUM_CONVERSION = YES;
				CLANG_WARN_INFINITE_RECURSION = YES;
				CLANG_WARN_INT_CONVERSION = YES;
				CLANG_WARN_OBJC_ROOT_CLASS = YES_ERROR;
				CLANG_WARN_SUSPICIOUS_MOVES = YES;
				CLANG_WARN_UNREACHABLE_CODE = YES;
				CLANG_WARN__DUPLICATE_METHOD_MATCH = YES;
				"CODE_SIGN_IDENTITY[sdk=iphoneos*]" = "iPhone Developer";
				COPY_PHASE_STRIP = NO;
				DEBUG_INFORMATION_FORMAT = dwarf;
				ENABLE_STRICT_OBJC_MSGSEND = YES;
				ENABLE_TESTABILITY = YES;
				GCC_C_LANGUAGE_STANDARD = gnu99;
				GCC_DYNAMIC_NO_PIC = NO;
				GCC_NO_COMMON_BLOCKS = YES;
				GCC_OPTIMIZATION_LEVEL = 0;
				GCC_PREPROCESSOR_DEFINITIONS = (
					"DEBUG=1",
					"$(inherited)",
				);
				GCC_WARN_64_TO_32_BIT_CONVERSION = YES;
				GCC_WARN_ABOUT_RETURN_TYPE = YES_ERROR;
				GCC_WARN_UNDECLARED_SELECTOR = YES;
				GCC_WARN_UNINITIALIZED_AUTOS = YES_AGGRESSIVE;
				GCC_WARN_UNUSED_FUNCTION = YES;
				GCC_WARN_UNUSED_VARIABLE = YES;
				IPHONEOS_DEPLOYMENT_TARGET = 10.1;
				MTL_ENABLE_DEBUG_INFO = YES;
				ONLY_ACTIVE_ARCH = YES;
				SDKROOT = iphoneos;
				SWIFT_ACTIVE_COMPILATION_CONDITIONS = DEBUG;
				SWIFT_OPTIMIZATION_LEVEL = "-Onone";
				TARGETED_DEVICE_FAMILY = "1,2";
			};
			name = Debug;
		};
		72E229021DDD7475008E7B5B /* Release */ = {
			isa = XCBuildConfiguration;
			buildSettings = {
				ALWAYS_SEARCH_USER_PATHS = NO;
				CLANG_ANALYZER_NONNULL = YES;
				CLANG_CXX_LANGUAGE_STANDARD = "gnu++0x";
				CLANG_CXX_LIBRARY = "libc++";
				CLANG_ENABLE_MODULES = YES;
				CLANG_ENABLE_OBJC_ARC = YES;
				CLANG_WARN_BOOL_CONVERSION = YES;
				CLANG_WARN_CONSTANT_CONVERSION = YES;
				CLANG_WARN_DIRECT_OBJC_ISA_USAGE = YES_ERROR;
				CLANG_WARN_DOCUMENTATION_COMMENTS = YES;
				CLANG_WARN_EMPTY_BODY = YES;
				CLANG_WARN_ENUM_CONVERSION = YES;
				CLANG_WARN_INFINITE_RECURSION = YES;
				CLANG_WARN_INT_CONVERSION = YES;
				CLANG_WARN_OBJC_ROOT_CLASS = YES_ERROR;
				CLANG_WARN_SUSPICIOUS_MOVES = YES;
				CLANG_WARN_UNREACHABLE_CODE = YES;
				CLANG_WARN__DUPLICATE_METHOD_MATCH = YES;
				"CODE_SIGN_IDENTITY[sdk=iphoneos*]" = "iPhone Developer";
				COPY_PHASE_STRIP = NO;
				DEBUG_INFORMATION_FORMAT = "dwarf-with-dsym";
				ENABLE_NS_ASSERTIONS = NO;
				ENABLE_STRICT_OBJC_MSGSEND = YES;
				GCC_C_LANGUAGE_STANDARD = gnu99;
				GCC_NO_COMMON_BLOCKS = YES;
				GCC_WARN_64_TO_32_BIT_CONVERSION = YES;
				GCC_WARN_ABOUT_RETURN_TYPE = YES_ERROR;
				GCC_WARN_UNDECLARED_SELECTOR = YES;
				GCC_WARN_UNINITIALIZED_AUTOS = YES_AGGRESSIVE;
				GCC_WARN_UNUSED_FUNCTION = YES;
				GCC_WARN_UNUSED_VARIABLE = YES;
				IPHONEOS_DEPLOYMENT_TARGET = 10.1;
				MTL_ENABLE_DEBUG_INFO = NO;
				SDKROOT = iphoneos;
				SWIFT_OPTIMIZATION_LEVEL = "-Owholemodule";
				TARGETED_DEVICE_FAMILY = "1,2";
				VALIDATE_PRODUCT = YES;
			};
			name = Release;
		};
		72E229041DDD7475008E7B5B /* Debug */ = {
			isa = XCBuildConfiguration;
			baseConfigurationReference = 3ACBFFB822BA489F202823D2 /* Pods-HealthStat.debug.xcconfig */;
			buildSettings = {
				ASSETCATALOG_COMPILER_APPICON_NAME = AppIcon;
				INFOPLIST_FILE = HealthStat/Info.plist;
				LD_RUNPATH_SEARCH_PATHS = "$(inherited) @executable_path/Frameworks";
				PRODUCT_BUNDLE_IDENTIFIER = Test.HealthStat;
				PRODUCT_NAME = "$(TARGET_NAME)";
				SWIFT_VERSION = 3.0;
			};
			name = Debug;
		};
		72E229051DDD7475008E7B5B /* Release */ = {
			isa = XCBuildConfiguration;
			baseConfigurationReference = 3E818EE7B940249E0FF6BD67 /* Pods-HealthStat.release.xcconfig */;
			buildSettings = {
				ASSETCATALOG_COMPILER_APPICON_NAME = AppIcon;
				INFOPLIST_FILE = HealthStat/Info.plist;
				LD_RUNPATH_SEARCH_PATHS = "$(inherited) @executable_path/Frameworks";
				PRODUCT_BUNDLE_IDENTIFIER = Test.HealthStat;
				PRODUCT_NAME = "$(TARGET_NAME)";
				SWIFT_VERSION = 3.0;
			};
			name = Release;
		};
		72E229071DDD7475008E7B5B /* Debug */ = {
			isa = XCBuildConfiguration;
			buildSettings = {
				ALWAYS_EMBED_SWIFT_STANDARD_LIBRARIES = YES;
				BUNDLE_LOADER = "$(TEST_HOST)";
				INFOPLIST_FILE = HealthStatTests/Info.plist;
				LD_RUNPATH_SEARCH_PATHS = "$(inherited) @executable_path/Frameworks @loader_path/Frameworks";
				PRODUCT_BUNDLE_IDENTIFIER = Test.HealthStatTests;
				PRODUCT_NAME = "$(TARGET_NAME)";
				SWIFT_VERSION = 3.0;
				TEST_HOST = "$(BUILT_PRODUCTS_DIR)/HealthStat.app/HealthStat";
			};
			name = Debug;
		};
		72E229081DDD7475008E7B5B /* Release */ = {
			isa = XCBuildConfiguration;
			buildSettings = {
				ALWAYS_EMBED_SWIFT_STANDARD_LIBRARIES = YES;
				BUNDLE_LOADER = "$(TEST_HOST)";
				INFOPLIST_FILE = HealthStatTests/Info.plist;
				LD_RUNPATH_SEARCH_PATHS = "$(inherited) @executable_path/Frameworks @loader_path/Frameworks";
				PRODUCT_BUNDLE_IDENTIFIER = Test.HealthStatTests;
				PRODUCT_NAME = "$(TARGET_NAME)";
				SWIFT_VERSION = 3.0;
				TEST_HOST = "$(BUILT_PRODUCTS_DIR)/HealthStat.app/HealthStat";
			};
			name = Release;
		};
		72E2290A1DDD7475008E7B5B /* Debug */ = {
			isa = XCBuildConfiguration;
			buildSettings = {
				ALWAYS_EMBED_SWIFT_STANDARD_LIBRARIES = YES;
				INFOPLIST_FILE = HealthStatUITests/Info.plist;
				LD_RUNPATH_SEARCH_PATHS = "$(inherited) @executable_path/Frameworks @loader_path/Frameworks";
				PRODUCT_BUNDLE_IDENTIFIER = Test.HealthStatUITests;
				PRODUCT_NAME = "$(TARGET_NAME)";
				SWIFT_VERSION = 3.0;
				TEST_TARGET_NAME = HealthStat;
			};
			name = Debug;
		};
		72E2290B1DDD7475008E7B5B /* Release */ = {
			isa = XCBuildConfiguration;
			buildSettings = {
				ALWAYS_EMBED_SWIFT_STANDARD_LIBRARIES = YES;
				INFOPLIST_FILE = HealthStatUITests/Info.plist;
				LD_RUNPATH_SEARCH_PATHS = "$(inherited) @executable_path/Frameworks @loader_path/Frameworks";
				PRODUCT_BUNDLE_IDENTIFIER = Test.HealthStatUITests;
				PRODUCT_NAME = "$(TARGET_NAME)";
				SWIFT_VERSION = 3.0;
				TEST_TARGET_NAME = HealthStat;
			};
			name = Release;
		};
/* End XCBuildConfiguration section */

/* Begin XCConfigurationList section */
		72E228D61DDD7475008E7B5B /* Build configuration list for PBXProject "HealthStat" */ = {
			isa = XCConfigurationList;
			buildConfigurations = (
				72E229011DDD7475008E7B5B /* Debug */,
				72E229021DDD7475008E7B5B /* Release */,
			);
			defaultConfigurationIsVisible = 0;
			defaultConfigurationName = Release;
		};
		72E229031DDD7475008E7B5B /* Build configuration list for PBXNativeTarget "HealthStat" */ = {
			isa = XCConfigurationList;
			buildConfigurations = (
				72E229041DDD7475008E7B5B /* Debug */,
				72E229051DDD7475008E7B5B /* Release */,
			);
			defaultConfigurationIsVisible = 0;
			defaultConfigurationName = Release;
		};
		72E229061DDD7475008E7B5B /* Build configuration list for PBXNativeTarget "HealthStatTests" */ = {
			isa = XCConfigurationList;
			buildConfigurations = (
				72E229071DDD7475008E7B5B /* Debug */,
				72E229081DDD7475008E7B5B /* Release */,
			);
			defaultConfigurationIsVisible = 0;
			defaultConfigurationName = Release;
		};
		72E229091DDD7475008E7B5B /* Build configuration list for PBXNativeTarget "HealthStatUITests" */ = {
			isa = XCConfigurationList;
			buildConfigurations = (
				72E2290A1DDD7475008E7B5B /* Debug */,
				72E2290B1DDD7475008E7B5B /* Release */,
			);
			defaultConfigurationIsVisible = 0;
			defaultConfigurationName = Release;
		};
/* End XCConfigurationList section */
	};
	rootObject = 72E228D31DDD7475008E7B5B /* Project object */;
}
