PODS:
  - Macaw (0.8.1):
    - SWXMLHash (~> 3.0.0)
  - SWXMLHash (3.0.4)

DEPENDENCIES:
  - Macaw (= 0.8.1)

SPEC CHECKSUMS:
  Macaw: 4aeac5414dfbc650d5ad343b21224af927f1697c
  SWXMLHash: 29d20b84692fc319ea8ed933058fe7d8d005139b

PODFILE CHECKSUM: ffdc2a4b27d52cba10bf51d48dbf543f949ea3a9

COCOAPODS: 1.1.1
